PODS:
  - Flutter (1.0.0)
  - flutter_scandit (0.0.1):
    - Flutter
    - ScanditBarcodeCapture (~> 6.1)
  - "permission_handler (5.0.1+1)":
    - Flutter
  - ScanditBarcodeCapture (6.3.1):
    - ScanditCaptureCore (= 6.3.1)
  - ScanditCaptureCore (6.3.1)

DEPENDENCIES:
  - Flutter (from `Flutter`)
  - flutter_scandit (from `.symlinks/plugins/flutter_scandit/ios`)
  - permission_handler (from `.symlinks/plugins/permission_handler/ios`)

SPEC REPOS:
  trunk:
    - ScanditBarcodeCapture
    - ScanditCaptureCore

EXTERNAL SOURCES:
  Flutter:
    :path: Flutter
  flutter_scandit:
    :path: ".symlinks/plugins/flutter_scandit/ios"
  permission_handler:
    :path: ".symlinks/plugins/permission_handler/ios"

SPEC CHECKSUMS:
  Flutter: 0e3d915762c693b495b44d77113d4970485de6ec
  flutter_scandit: 9506d411cd63c3c804ef34556b47d9372968c09e
  permission_handler: eac8e15b4a1a3fba55b761d19f3f4e6b005d15b6
  ScanditBarcodeCapture: 7b9f8d2a402ffa0c71058edfd9e2ad4f19278768
  ScanditCaptureCore: c6ae786a62249819fceba441d05807d31e3a7674

PODFILE CHECKSUM: aafe91acc616949ddb318b77800a7f51bffa2a4c

COCOAPODS: 1.9.3
